// !$*UTF8*$!
{
	archiveVersion = 1;
	classes = {
	};
	objectVersion = 55;
	objects = {

/* Begin PBXBuildFile section */
		5C373C84E8323F684947C7DA /* Pods_iOS_APOD.framework in Frameworks */ = {isa = PBXBuildFile; fileRef = 68DCD8A4E116D49A9617580D /* Pods_iOS_APOD.framework */; };
		CF9675B32A29E8D1004A65AF /* NetworkService.swift in Sources */ = {isa = PBXBuildFile; fileRef = CF9675B22A29E8D1004A65AF /* NetworkService.swift */; };
		CF9675BB2A2A0233004A65AF /* DateExtension.swift in Sources */ = {isa = PBXBuildFile; fileRef = CF9675BA2A2A0233004A65AF /* DateExtension.swift */; };
		CFBEECC12A1CEF060095B2A1 /* AppDelegate.swift in Sources */ = {isa = PBXBuildFile; fileRef = CFBEECC02A1CEF060095B2A1 /* AppDelegate.swift */; };
		CFBEECC32A1CEF060095B2A1 /* SceneDelegate.swift in Sources */ = {isa = PBXBuildFile; fileRef = CFBEECC22A1CEF060095B2A1 /* SceneDelegate.swift */; };
		CFBEECC52A1CEF060095B2A1 /* ViewController.swift in Sources */ = {isa = PBXBuildFile; fileRef = CFBEECC42A1CEF060095B2A1 /* ViewController.swift */; };
		CFBEECC82A1CEF060095B2A1 /* Main.storyboard in Resources */ = {isa = PBXBuildFile; fileRef = CFBEECC62A1CEF060095B2A1 /* Main.storyboard */; };
		CFBEECCA2A1CEF080095B2A1 /* Assets.xcassets in Resources */ = {isa = PBXBuildFile; fileRef = CFBEECC92A1CEF080095B2A1 /* Assets.xcassets */; };
		CFBEECCD2A1CEF080095B2A1 /* LaunchScreen.storyboard in Resources */ = {isa = PBXBuildFile; fileRef = CFBEECCB2A1CEF080095B2A1 /* LaunchScreen.storyboard */; };
		CFE880412A21067B00E9E41C /* NasaPicture.swift in Sources */ = {isa = PBXBuildFile; fileRef = CFE880402A21067B00E9E41C /* NasaPicture.swift */; };
/* End PBXBuildFile section */

/* Begin PBXFileReference section */
		1F0D978206EBFE3D080F41C0 /* Pods-iOS_APOD.release.xcconfig */ = {isa = PBXFileReference; includeInIndex = 1; lastKnownFileType = text.xcconfig; name = "Pods-iOS_APOD.release.xcconfig"; path = "Target Support Files/Pods-iOS_APOD/Pods-iOS_APOD.release.xcconfig"; sourceTree = "<group>"; };
		68DCD8A4E116D49A9617580D /* Pods_iOS_APOD.framework */ = {isa = PBXFileReference; explicitFileType = wrapper.framework; includeInIndex = 0; path = Pods_iOS_APOD.framework; sourceTree = BUILT_PRODUCTS_DIR; };
		8A77C413F139475705AE214A /* Pods-iOS_APOD.debug.xcconfig */ = {isa = PBXFileReference; includeInIndex = 1; lastKnownFileType = text.xcconfig; name = "Pods-iOS_APOD.debug.xcconfig"; path = "Target Support Files/Pods-iOS_APOD/Pods-iOS_APOD.debug.xcconfig"; sourceTree = "<group>"; };
		CF9675B22A29E8D1004A65AF /* NetworkService.swift */ = {isa = PBXFileReference; lastKnownFileType = sourcecode.swift; path = NetworkService.swift; sourceTree = "<group>"; };
		CF9675B52A29EB7B004A65AF /* Alamofire.framework */ = {isa = PBXFileReference; explicitFileType = wrapper.framework; path = Alamofire.framework; sourceTree = BUILT_PRODUCTS_DIR; };
		CF9675BA2A2A0233004A65AF /* DateExtension.swift */ = {isa = PBXFileReference; lastKnownFileType = sourcecode.swift; path = DateExtension.swift; sourceTree = "<group>"; };
		CFBEECBD2A1CEF060095B2A1 /* iOS_APOD.app */ = {isa = PBXFileReference; explicitFileType = wrapper.application; includeInIndex = 0; path = iOS_APOD.app; sourceTree = BUILT_PRODUCTS_DIR; };
		CFBEECC02A1CEF060095B2A1 /* AppDelegate.swift */ = {isa = PBXFileReference; lastKnownFileType = sourcecode.swift; path = AppDelegate.swift; sourceTree = "<group>"; };
		CFBEECC22A1CEF060095B2A1 /* SceneDelegate.swift */ = {isa = PBXFileReference; lastKnownFileType = sourcecode.swift; path = SceneDelegate.swift; sourceTree = "<group>"; };
		CFBEECC42A1CEF060095B2A1 /* ViewController.swift */ = {isa = PBXFileReference; lastKnownFileType = sourcecode.swift; path = ViewController.swift; sourceTree = "<group>"; };
		CFBEECC72A1CEF060095B2A1 /* Base */ = {isa = PBXFileReference; lastKnownFileType = file.storyboard; name = Base; path = Base.lproj/Main.storyboard; sourceTree = "<group>"; };
		CFBEECC92A1CEF080095B2A1 /* Assets.xcassets */ = {isa = PBXFileReference; lastKnownFileType = folder.assetcatalog; path = Assets.xcassets; sourceTree = "<group>"; };
		CFBEECCC2A1CEF080095B2A1 /* Base */ = {isa = PBXFileReference; lastKnownFileType = file.storyboard; name = Base; path = Base.lproj/LaunchScreen.storyboard; sourceTree = "<group>"; };
		CFBEECCE2A1CEF080095B2A1 /* Info.plist */ = {isa = PBXFileReference; lastKnownFileType = text.plist.xml; path = Info.plist; sourceTree = "<group>"; };
		CFE880402A21067B00E9E41C /* NasaPicture.swift */ = {isa = PBXFileReference; lastKnownFileType = sourcecode.swift; path = NasaPicture.swift; sourceTree = "<group>"; };
/* End PBXFileReference section */

/* Begin PBXFrameworksBuildPhase section */
		CFBEECBA2A1CEF060095B2A1 /* Frameworks */ = {
			isa = PBXFrameworksBuildPhase;
			buildActionMask = 2147483647;
			files = (
				5C373C84E8323F684947C7DA /* Pods_iOS_APOD.framework in Frameworks */,
			);
			runOnlyForDeploymentPostprocessing = 0;
		};
/* End PBXFrameworksBuildPhase section */

/* Begin PBXGroup section */
		55387BC242DD16CF5471AAA5 /* Pods */ = {
			isa = PBXGroup;
			children = (
				8A77C413F139475705AE214A /* Pods-iOS_APOD.debug.xcconfig */,
				1F0D978206EBFE3D080F41C0 /* Pods-iOS_APOD.release.xcconfig */,
			);
			path = Pods;
			sourceTree = "<group>";
		};
		CF9675B42A29EB7B004A65AF /* Frameworks */ = {
			isa = PBXGroup;
			children = (
				CF9675B52A29EB7B004A65AF /* Alamofire.framework */,
				68DCD8A4E116D49A9617580D /* Pods_iOS_APOD.framework */,
			);
			name = Frameworks;
			sourceTree = "<group>";
		};
		CF9675B92A2A021A004A65AF /* Extensions */ = {
			isa = PBXGroup;
			children = (
				CF9675BA2A2A0233004A65AF /* DateExtension.swift */,
			);
			path = Extensions;
			sourceTree = "<group>";
		};
		CFBEECB42A1CEF060095B2A1 = {
			isa = PBXGroup;
			children = (
				CFBEECBF2A1CEF060095B2A1 /* iOS_APOD */,
				CFBEECBE2A1CEF060095B2A1 /* Products */,
				CF9675B42A29EB7B004A65AF /* Frameworks */,
				55387BC242DD16CF5471AAA5 /* Pods */,
			);
			sourceTree = "<group>";
		};
		CFBEECBE2A1CEF060095B2A1 /* Products */ = {
			isa = PBXGroup;
			children = (
				CFBEECBD2A1CEF060095B2A1 /* iOS_APOD.app */,
			);
			name = Products;
			sourceTree = "<group>";
		};
		CFBEECBF2A1CEF060095B2A1 /* iOS_APOD */ = {
			isa = PBXGroup;
			children = (
				CF9675B92A2A021A004A65AF /* Extensions */,
				CFE8803F2A21063D00E9E41C /* Models */,
				CFBEECD52A1CEF8A0095B2A1 /* Network */,
				CFBEECD42A1CEF6A0095B2A1 /* ViewControllers */,
				CFBEECC02A1CEF060095B2A1 /* AppDelegate.swift */,
				CFBEECC22A1CEF060095B2A1 /* SceneDelegate.swift */,
				CFBEECC62A1CEF060095B2A1 /* Main.storyboard */,
				CFBEECC92A1CEF080095B2A1 /* Assets.xcassets */,
				CFBEECCB2A1CEF080095B2A1 /* LaunchScreen.storyboard */,
				CFBEECCE2A1CEF080095B2A1 /* Info.plist */,
			);
			path = iOS_APOD;
			sourceTree = "<group>";
		};
		CFBEECD42A1CEF6A0095B2A1 /* ViewControllers */ = {
			isa = PBXGroup;
			children = (
				CFBEECC42A1CEF060095B2A1 /* ViewController.swift */,
			);
			path = ViewControllers;
			sourceTree = "<group>";
		};
		CFBEECD52A1CEF8A0095B2A1 /* Network */ = {
			isa = PBXGroup;
			children = (
				CF9675B22A29E8D1004A65AF /* NetworkService.swift */,
			);
			path = Network;
			sourceTree = "<group>";
		};
		CFE8803F2A21063D00E9E41C /* Models */ = {
			isa = PBXGroup;
			children = (
				CFE880402A21067B00E9E41C /* NasaPicture.swift */,
			);
			path = Models;
			sourceTree = "<group>";
		};
/* End PBXGroup section */

/* Begin PBXNativeTarget section */
		CFBEECBC2A1CEF060095B2A1 /* iOS_APOD */ = {
			isa = PBXNativeTarget;
			buildConfigurationList = CFBEECD12A1CEF080095B2A1 /* Build configuration list for PBXNativeTarget "iOS_APOD" */;
			buildPhases = (
				089DD5302F885695F065CD4E /* [CP] Check Pods Manifest.lock */,
				CFBEECB92A1CEF060095B2A1 /* Sources */,
				CFBEECBA2A1CEF060095B2A1 /* Frameworks */,
				CFBEECBB2A1CEF060095B2A1 /* Resources */,
				FE403E948C2713AF49BCE39C /* [CP] Embed Pods Frameworks */,
			);
			buildRules = (
			);
			dependencies = (
			);
			name = iOS_APOD;
			productName = iOS_APOD;
			productReference = CFBEECBD2A1CEF060095B2A1 /* iOS_APOD.app */;
			productType = "com.apple.product-type.application";
		};
/* End PBXNativeTarget section */

/* Begin PBXProject section */
		CFBEECB52A1CEF060095B2A1 /* Project object */ = {
			isa = PBXProject;
			attributes = {
				BuildIndependentTargetsInParallel = 1;
				LastSwiftUpdateCheck = 1420;
				LastUpgradeCheck = 1420;
				TargetAttributes = {
					CFBEECBC2A1CEF060095B2A1 = {
						CreatedOnToolsVersion = 14.2;
					};
				};
			};
			buildConfigurationList = CFBEECB82A1CEF060095B2A1 /* Build configuration list for PBXProject "iOS_APOD" */;
			compatibilityVersion = "Xcode 13.0";
			developmentRegion = en;
			hasScannedForEncodings = 0;
			knownRegions = (
				en,
				Base,
			);
			mainGroup = CFBEECB42A1CEF060095B2A1;
			productRefGroup = CFBEECBE2A1CEF060095B2A1 /* Products */;
			projectDirPath = "";
			projectRoot = "";
			targets = (
				CFBEECBC2A1CEF060095B2A1 /* iOS_APOD */,
			);
		};
/* End PBXProject section */

/* Begin PBXResourcesBuildPhase section */
		CFBEECBB2A1CEF060095B2A1 /* Resources */ = {
			isa = PBXResourcesBuildPhase;
			buildActionMask = 2147483647;
			files = (
				CFBEECCD2A1CEF080095B2A1 /* LaunchScreen.storyboard in Resources */,
				CFBEECCA2A1CEF080095B2A1 /* Assets.xcassets in Resources */,
				CFBEECC82A1CEF060095B2A1 /* Main.storyboard in Resources */,
			);
			runOnlyForDeploymentPostprocessing = 0;
		};
/* End PBXResourcesBuildPhase section */

/* Begin PBXShellScriptBuildPhase section */
		089DD5302F885695F065CD4E /* [CP] Check Pods Manifest.lock */ = {
			isa = PBXShellScriptBuildPhase;
			buildActionMask = 2147483647;
			files = (
			);
			inputFileListPaths = (
			);
			inputPaths = (
				"${PODS_PODFILE_DIR_PATH}/Podfile.lock",
				"${PODS_ROOT}/Manifest.lock",
			);
			name = "[CP] Check Pods Manifest.lock";
			outputFileListPaths = (
			);
			outputPaths = (
				"$(DERIVED_FILE_DIR)/Pods-iOS_APOD-checkManifestLockResult.txt",
			);
			runOnlyForDeploymentPostprocessing = 0;
			shellPath = /bin/sh;
			shellScript = "diff \"${PODS_PODFILE_DIR_PATH}/Podfile.lock\" \"${PODS_ROOT}/Manifest.lock\" > /dev/null\nif [ $? != 0 ] ; then\n    # print error to STDERR\n    echo \"error: The sandbox is not in sync with the Podfile.lock. Run 'pod install' or update your CocoaPods installation.\" >&2\n    exit 1\nfi\n# This output is used by Xcode 'outputs' to avoid re-running this script phase.\necho \"SUCCESS\" > \"${SCRIPT_OUTPUT_FILE_0}\"\n";
			showEnvVarsInLog = 0;
		};
		FE403E948C2713AF49BCE39C /* [CP] Embed Pods Frameworks */ = {
			isa = PBXShellScriptBuildPhase;
			buildActionMask = 2147483647;
			files = (
			);
			inputFileListPaths = (
				"${PODS_ROOT}/Target Support Files/Pods-iOS_APOD/Pods-iOS_APOD-frameworks-${CONFIGURATION}-input-files.xcfilelist",
			);
			name = "[CP] Embed Pods Frameworks";
			outputFileListPaths = (
				"${PODS_ROOT}/Target Support Files/Pods-iOS_APOD/Pods-iOS_APOD-frameworks-${CONFIGURATION}-output-files.xcfilelist",
			);
			runOnlyForDeploymentPostprocessing = 0;
			shellPath = /bin/sh;
			shellScript = "\"${PODS_ROOT}/Target Support Files/Pods-iOS_APOD/Pods-iOS_APOD-frameworks.sh\"\n";
			showEnvVarsInLog = 0;
		};
/* End PBXShellScriptBuildPhase section */

/* Begin PBXSourcesBuildPhase section */
		CFBEECB92A1CEF060095B2A1 /* Sources */ = {
			isa = PBXSourcesBuildPhase;
			buildActionMask = 2147483647;
			files = (
				CF9675B32A29E8D1004A65AF /* NetworkService.swift in Sources */,
				CF9675BB2A2A0233004A65AF /* DateExtension.swift in Sources */,
				CFBEECC52A1CEF060095B2A1 /* ViewController.swift in Sources */,
				CFBEECC12A1CEF060095B2A1 /* AppDelegate.swift in Sources */,
				CFBEECC32A1CEF060095B2A1 /* SceneDelegate.swift in Sources */,
				CFE880412A21067B00E9E41C /* NasaPicture.swift in Sources */,
			);
			runOnlyForDeploymentPostprocessing = 0;
		};
/* End PBXSourcesBuildPhase section */

/* Begin PBXVariantGroup section */
		CFBEECC62A1CEF060095B2A1 /* Main.storyboard */ = {
			isa = PBXVariantGroup;
			children = (
				CFBEECC72A1CEF060095B2A1 /* Base */,
			);
			name = Main.storyboard;
			sourceTree = "<group>";
		};
		CFBEECCB2A1CEF080095B2A1 /* LaunchScreen.storyboard */ = {
			isa = PBXVariantGroup;
			children = (
				CFBEECCC2A1CEF080095B2A1 /* Base */,
			);
			name = LaunchScreen.storyboard;
			sourceTree = "<group>";
		};
/* End PBXVariantGroup section */

/* Begin XCBuildConfiguration section */
		CFBEECCF2A1CEF080095B2A1 /* Debug */ = {
			isa = XCBuildConfiguration;
			buildSettings = {
				ALWAYS_SEARCH_USER_PATHS = NO;
				CLANG_ANALYZER_NONNULL = YES;
				CLANG_ANALYZER_NUMBER_OBJECT_CONVERSION = YES_AGGRESSIVE;
				CLANG_CXX_LANGUAGE_STANDARD = "gnu++20";
				CLANG_ENABLE_MODULES = YES;
				CLANG_ENABLE_OBJC_ARC = YES;
				CLANG_ENABLE_OBJC_WEAK = YES;
				CLANG_WARN_BLOCK_CAPTURE_AUTORELEASING = YES;
				CLANG_WARN_BOOL_CONVERSION = YES;
				CLANG_WARN_COMMA = YES;
				CLANG_WARN_CONSTANT_CONVERSION = YES;
				CLANG_WARN_DEPRECATED_OBJC_IMPLEMENTATIONS = YES;
				CLANG_WARN_DIRECT_OBJC_ISA_USAGE = YES_ERROR;
				CLANG_WARN_DOCUMENTATION_COMMENTS = YES;
				CLANG_WARN_EMPTY_BODY = YES;
				CLANG_WARN_ENUM_CONVERSION = YES;
				CLANG_WARN_INFINITE_RECURSION = YES;
				CLANG_WARN_INT_CONVERSION = YES;
				CLANG_WARN_NON_LITERAL_NULL_CONVERSION = YES;
				CLANG_WARN_OBJC_IMPLICIT_RETAIN_SELF = YES;
				CLANG_WARN_OBJC_LITERAL_CONVERSION = YES;
				CLANG_WARN_OBJC_ROOT_CLASS = YES_ERROR;
				CLANG_WARN_QUOTED_INCLUDE_IN_FRAMEWORK_HEADER = YES;
				CLANG_WARN_RANGE_LOOP_ANALYSIS = YES;
				CLANG_WARN_STRICT_PROTOTYPES = YES;
				CLANG_WARN_SUSPICIOUS_MOVE = YES;
				CLANG_WARN_UNGUARDED_AVAILABILITY = YES_AGGRESSIVE;
				CLANG_WARN_UNREACHABLE_CODE = YES;
				CLANG_WARN__DUPLICATE_METHOD_MATCH = YES;
				COPY_PHASE_STRIP = NO;
				DEBUG_INFORMATION_FORMAT = dwarf;
				ENABLE_STRICT_OBJC_MSGSEND = YES;
				ENABLE_TESTABILITY = YES;
				GCC_C_LANGUAGE_STANDARD = gnu11;
				GCC_DYNAMIC_NO_PIC = NO;
				GCC_NO_COMMON_BLOCKS = YES;
				GCC_OPTIMIZATION_LEVEL = 0;
				GCC_PREPROCESSOR_DEFINITIONS = (
					"DEBUG=1",
					"$(inherited)",
				);
				GCC_WARN_64_TO_32_BIT_CONVERSION = YES;
				GCC_WARN_ABOUT_RETURN_TYPE = YES_ERROR;
				GCC_WARN_UNDECLARED_SELECTOR = YES;
				GCC_WARN_UNINITIALIZED_AUTOS = YES_AGGRESSIVE;
				GCC_WARN_UNUSED_FUNCTION = YES;
				GCC_WARN_UNUSED_VARIABLE = YES;
				IPHONEOS_DEPLOYMENT_TARGET = 16.2;
				MTL_ENABLE_DEBUG_INFO = INCLUDE_SOURCE;
				MTL_FAST_MATH = YES;
				ONLY_ACTIVE_ARCH = YES;
				SDKROOT = iphoneos;
				SWIFT_ACTIVE_COMPILATION_CONDITIONS = DEBUG;
				SWIFT_OPTIMIZATION_LEVEL = "-Onone";
			};
			name = Debug;
		};
		CFBEECD02A1CEF080095B2A1 /* Release */ = {
			isa = XCBuildConfiguration;
			buildSettings = {
				ALWAYS_SEARCH_USER_PATHS = NO;
				CLANG_ANALYZER_NONNULL = YES;
				CLANG_ANALYZER_NUMBER_OBJECT_CONVERSION = YES_AGGRESSIVE;
				CLANG_CXX_LANGUAGE_STANDARD = "gnu++20";
				CLANG_ENABLE_MODULES = YES;
				CLANG_ENABLE_OBJC_ARC = YES;
				CLANG_ENABLE_OBJC_WEAK = YES;
				CLANG_WARN_BLOCK_CAPTURE_AUTORELEASING = YES;
				CLANG_WARN_BOOL_CONVERSION = YES;
				CLANG_WARN_COMMA = YES;
				CLANG_WARN_CONSTANT_CONVERSION = YES;
				CLANG_WARN_DEPRECATED_OBJC_IMPLEMENTATIONS = YES;
				CLANG_WARN_DIRECT_OBJC_ISA_USAGE = YES_ERROR;
				CLANG_WARN_DOCUMENTATION_COMMENTS = YES;
				CLANG_WARN_EMPTY_BODY = YES;
				CLANG_WARN_ENUM_CONVERSION = YES;
				CLANG_WARN_INFINITE_RECURSION = YES;
				CLANG_WARN_INT_CONVERSION = YES;
				CLANG_WARN_NON_LITERAL_NULL_CONVERSION = YES;
				CLANG_WARN_OBJC_IMPLICIT_RETAIN_SELF = YES;
				CLANG_WARN_OBJC_LITERAL_CONVERSION = YES;
				CLANG_WARN_OBJC_ROOT_CLASS = YES_ERROR;
				CLANG_WARN_QUOTED_INCLUDE_IN_FRAMEWORK_HEADER = YES;
				CLANG_WARN_RANGE_LOOP_ANALYSIS = YES;
				CLANG_WARN_STRICT_PROTOTYPES = YES;
				CLANG_WARN_SUSPICIOUS_MOVE = YES;
				CLANG_WARN_UNGUARDED_AVAILABILITY = YES_AGGRESSIVE;
				CLANG_WARN_UNREACHABLE_CODE = YES;
				CLANG_WARN__DUPLICATE_METHOD_MATCH = YES;
				COPY_PHASE_STRIP = NO;
				DEBUG_INFORMATION_FORMAT = "dwarf-with-dsym";
				ENABLE_NS_ASSERTIONS = NO;
				ENABLE_STRICT_OBJC_MSGSEND = YES;
				GCC_C_LANGUAGE_STANDARD = gnu11;
				GCC_NO_COMMON_BLOCKS = YES;
				GCC_WARN_64_TO_32_BIT_CONVERSION = YES;
				GCC_WARN_ABOUT_RETURN_TYPE = YES_ERROR;
				GCC_WARN_UNDECLARED_SELECTOR = YES;
				GCC_WARN_UNINITIALIZED_AUTOS = YES_AGGRESSIVE;
				GCC_WARN_UNUSED_FUNCTION = YES;
				GCC_WARN_UNUSED_VARIABLE = YES;
				IPHONEOS_DEPLOYMENT_TARGET = 16.2;
				MTL_ENABLE_DEBUG_INFO = NO;
				MTL_FAST_MATH = YES;
				SDKROOT = iphoneos;
				SWIFT_COMPILATION_MODE = wholemodule;
				SWIFT_OPTIMIZATION_LEVEL = "-O";
				VALIDATE_PRODUCT = YES;
			};
			name = Release;
		};
		CFBEECD22A1CEF080095B2A1 /* Debug */ = {
			isa = XCBuildConfiguration;
			baseConfigurationReference = 8A77C413F139475705AE214A /* Pods-iOS_APOD.debug.xcconfig */;
			buildSettings = {
				ASSETCATALOG_COMPILER_APPICON_NAME = AppIcon;
				ASSETCATALOG_COMPILER_GLOBAL_ACCENT_COLOR_NAME = AccentColor;
				CODE_SIGN_STYLE = Automatic;
				CURRENT_PROJECT_VERSION = 1;
				DEVELOPMENT_TEAM = 795DD242JA;
				GENERATE_INFOPLIST_FILE = YES;
				INFOPLIST_FILE = iOS_APOD/Info.plist;
				INFOPLIST_KEY_UIApplicationSupportsIndirectInputEvents = YES;
				INFOPLIST_KEY_UILaunchStoryboardName = LaunchScreen;
				INFOPLIST_KEY_UIMainStoryboardFile = Main;
				INFOPLIST_KEY_UISupportedInterfaceOrientations_iPad = "UIInterfaceOrientationPortrait UIInterfaceOrientationPortraitUpsideDown UIInterfaceOrientationLandscapeLeft UIInterfaceOrientationLandscapeRight";
				INFOPLIST_KEY_UISupportedInterfaceOrientations_iPhone = "UIInterfaceOrientationPortrait UIInterfaceOrientationLandscapeLeft UIInterfaceOrientationLandscapeRight";
				IPHONEOS_DEPLOYMENT_TARGET = 15.0;
				LD_RUNPATH_SEARCH_PATHS = (
					"$(inherited)",
					"@executable_path/Frameworks",
				);
				MARKETING_VERSION = 1.0;
				PRODUCT_BUNDLE_IDENTIFIER = "toLearn.iOS-APOD";
				PRODUCT_NAME = "$(TARGET_NAME)";
				SWIFT_EMIT_LOC_STRINGS = YES;
				SWIFT_VERSION = 5.0;
				TARGETED_DEVICE_FAMILY = "1,2";
			};
			name = Debug;
		};
		CFBEECD32A1CEF080095B2A1 /* Release */ = {
			isa = XCBuildConfiguration;
			baseConfigurationReference = 1F0D978206EBFE3D080F41C0 /* Pods-iOS_APOD.release.xcconfig */;
			buildSettings = {
				ASSETCATALOG_COMPILER_APPICON_NAME = AppIcon;
				ASSETCATALOG_COMPILER_GLOBAL_ACCENT_COLOR_NAME = AccentColor;
				CODE_SIGN_STYLE = Automatic;
				CURRENT_PROJECT_VERSION = 1;
				DEVELOPMENT_TEAM = 795DD242JA;
				GENERATE_INFOPLIST_FILE = YES;
				INFOPLIST_FILE = iOS_APOD/Info.plist;
				INFOPLIST_KEY_UIApplicationSupportsIndirectInputEvents = YES;
				INFOPLIST_KEY_UILaunchStoryboardName = LaunchScreen;
				INFOPLIST_KEY_UIMainStoryboardFile = Main;
				INFOPLIST_KEY_UISupportedInterfaceOrientations_iPad = "UIInterfaceOrientationPortrait UIInterfaceOrientationPortraitUpsideDown UIInterfaceOrientationLandscapeLeft UIInterfaceOrientationLandscapeRight";
				INFOPLIST_KEY_UISupportedInterfaceOrientations_iPhone = "UIInterfaceOrientationPortrait UIInterfaceOrientationLandscapeLeft UIInterfaceOrientationLandscapeRight";
				IPHONEOS_DEPLOYMENT_TARGET = 15.0;
				LD_RUNPATH_SEARCH_PATHS = (
					"$(inherited)",
					"@executable_path/Frameworks",
				);
				MARKETING_VERSION = 1.0;
				PRODUCT_BUNDLE_IDENTIFIER = "toLearn.iOS-APOD";
				PRODUCT_NAME = "$(TARGET_NAME)";
				SWIFT_EMIT_LOC_STRINGS = YES;
				SWIFT_VERSION = 5.0;
				TARGETED_DEVICE_FAMILY = "1,2";
			};
			name = Release;
		};
/* End XCBuildConfiguration section */

/* Begin XCConfigurationList section */
		CFBEECB82A1CEF060095B2A1 /* Build configuration list for PBXProject "iOS_APOD" */ = {
			isa = XCConfigurationList;
			buildConfigurations = (
				CFBEECCF2A1CEF080095B2A1 /* Debug */,
				CFBEECD02A1CEF080095B2A1 /* Release */,
			);
			defaultConfigurationIsVisible = 0;
			defaultConfigurationName = Release;
		};
		CFBEECD12A1CEF080095B2A1 /* Build configuration list for PBXNativeTarget "iOS_APOD" */ = {
			isa = XCConfigurationList;
			buildConfigurations = (
				CFBEECD22A1CEF080095B2A1 /* Debug */,
				CFBEECD32A1CEF080095B2A1 /* Release */,
			);
			defaultConfigurationIsVisible = 0;
			defaultConfigurationName = Release;
		};
/* End XCConfigurationList section */
	};
	rootObject = CFBEECB52A1CEF060095B2A1 /* Project object */;
}
